
Microsoft Visual Studio Solution File, Format Version 12.00
# Visual Studio Version 17
VisualStudioVersion = 17.13.35818.85 d17.13
MinimumVisualStudioVersion = 10.0.40219.1
Project("{FAE04EC0-301F-11D3-BF4B-00C04F79EFBC}") = "Beruato", "Beruato\Beruato.csproj", "{D7F439AD-0D9C-41DE-B956-62E16F4A0C66}"
EndProject
Project("{FAE04EC0-301F-11D3-BF4B-00C04F79EFBC}") = "Services", "Services\Services.csproj", "{222B7A97-E9DE-4BEB-838F-5A65372CC57D}"
EndProject
Project("{FAE04EC0-301F-11D3-BF4B-00C04F79EFBC}") = "Database", "Database\Database.csproj", "{745D70E4-1F51-49D7-B55E-4E877864636A}"
EndProject
Global
	GlobalSection(SolutionConfigurationPlatforms) = preSolution
		Debug|Any CPU = Debug|Any CPU
		Release|Any CPU = Release|Any CPU
	EndGlobalSection
	GlobalSection(ProjectConfigurationPlatforms) = postSolution
		{D7F439AD-0D9C-41DE-B956-62E16F4A0C66}.Debug|Any CPU.ActiveCfg = Debug|Any CPU
		{D7F439AD-0D9C-41DE-B956-62E16F4A0C66}.Debug|Any CPU.Build.0 = Debug|Any CPU
		{D7F439AD-0D9C-41DE-B956-62E16F4A0C66}.Release|Any CPU.ActiveCfg = Release|Any CPU
		{D7F439AD-0D9C-41DE-B956-62E16F4A0C66}.Release|Any CPU.Build.0 = Release|Any CPU
		{222B7A97-E9DE-4BEB-838F-5A65372CC57D}.Debug|Any CPU.ActiveCfg = Debug|Any CPU
		{222B7A97-E9DE-4BEB-838F-5A65372CC57D}.Debug|Any CPU.Build.0 = Debug|Any CPU
		{222B7A97-E9DE-4BEB-838F-5A65372CC57D}.Release|Any CPU.ActiveCfg = Release|Any CPU
		{222B7A97-E9DE-4BEB-838F-5A65372CC57D}.Release|Any CPU.Build.0 = Release|Any CPU
		{745D70E4-1F51-49D7-B55E-4E877864636A}.Debug|Any CPU.ActiveCfg = Debug|Any CPU
		{745D70E4-1F51-49D7-B55E-4E877864636A}.Debug|Any CPU.Build.0 = Debug|Any CPU
		{745D70E4-1F51-49D7-B55E-4E877864636A}.Release|Any CPU.ActiveCfg = Release|Any CPU
		{745D70E4-1F51-49D7-B55E-4E877864636A}.Release|Any CPU.Build.0 = Release|Any CPU
	EndGlobalSection
	GlobalSection(SolutionProperties) = preSolution
		HideSolutionNode = FALSE
	EndGlobalSection
	GlobalSection(ExtensibilityGlobals) = postSolution
		SolutionGuid = {9D88CB33-9772-4327-A784-719EE03244A9}
	EndGlobalSection
EndGlobal
